
Microsoft Visual Studio Solution File, Format Version 12.00
# Visual Studio 15
VisualStudioVersion = 15.0.28307.902
MinimumVisualStudioVersion = 10.0.40219.1
Project("{FAE04EC0-301F-11D3-BF4B-00C04F79EFBC}") = "Univer.PlanTask.Web", "Univer.PlanTask.Web\Univer.PlanTask.Web.csproj", "{FBA1BA4B-9473-4CB1-9014-F0E834B0E962}"
EndProject
Global
	GlobalSection(SolutionConfigurationPlatforms) = preSolution
		Debug|Any CPU = Debug|Any CPU
		Release|Any CPU = Release|Any CPU
	EndGlobalSection
	GlobalSection(ProjectConfigurationPlatforms) = postSolution
		{FBA1BA4B-9473-4CB1-9014-F0E834B0E962}.Debug|Any CPU.ActiveCfg = Debug|Any CPU
		{FBA1BA4B-9473-4CB1-9014-F0E834B0E962}.Debug|Any CPU.Build.0 = Debug|Any CPU
		{FBA1BA4B-9473-4CB1-9014-F0E834B0E962}.Release|Any CPU.ActiveCfg = Release|Any CPU
		{FBA1BA4B-9473-4CB1-9014-F0E834B0E962}.Release|Any CPU.Build.0 = Release|Any CPU
	EndGlobalSection
	GlobalSection(SolutionProperties) = preSolution
		HideSolutionNode = FALSE
	EndGlobalSection
	GlobalSection(ExtensibilityGlobals) = postSolution
		SolutionGuid = {66A4A388-A38C-466E-B095-1A575F6C6018}
	EndGlobalSection
EndGlobal
